
Microsoft Visual Studio Solution File, Format Version 12.00
# Visual Studio 15
VisualStudioVersion = 15.0.27703.2026
MinimumVisualStudioVersion = 10.0.40219.1
Project("{FAE04EC0-301F-11D3-BF4B-00C04F79EFBC}") = "ControlesComunes", "ControlesComunes\ControlesComunes.csproj", "{D30D14DC-64E9-4796-B5F0-B8A6B6617E76}"
EndProject
Global
	GlobalSection(SolutionConfigurationPlatforms) = preSolution
		Debug|Any CPU = Debug|Any CPU
		Release|Any CPU = Release|Any CPU
	EndGlobalSection
	GlobalSection(ProjectConfigurationPlatforms) = postSolution
		{D30D14DC-64E9-4796-B5F0-B8A6B6617E76}.Debug|Any CPU.ActiveCfg = Debug|Any CPU
		{D30D14DC-64E9-4796-B5F0-B8A6B6617E76}.Debug|Any CPU.Build.0 = Debug|Any CPU
		{D30D14DC-64E9-4796-B5F0-B8A6B6617E76}.Release|Any CPU.ActiveCfg = Release|Any CPU
		{D30D14DC-64E9-4796-B5F0-B8A6B6617E76}.Release|Any CPU.Build.0 = Release|Any CPU
	EndGlobalSection
	GlobalSection(SolutionProperties) = preSolution
		HideSolutionNode = FALSE
	EndGlobalSection
	GlobalSection(ExtensibilityGlobals) = postSolution
		SolutionGuid = {9C32143C-F732-46CF-96F2-94344A8E2370}
	EndGlobalSection
EndGlobal
